// !$*UTF8*$!
{
	archiveVersion = 1;
	classes = {
	};
	objectVersion = 46;
	objects = {

/* Begin PBXBuildFile section */
		0207DA581B56EA530066E2B4 /* Images.xcassets in Resources */ = {isa = PBXBuildFile; fileRef = 0207DA571B56EA530066E2B4 /* Images.xcassets */; };
		0C93711D008F4818A466D372 /* PSPDFThreadSafeMutableDictionary.m in Sources */ = {isa = PBXBuildFile; fileRef = F30AC0CE4425499CABB9BA14 /* PSPDFThreadSafeMutableDictionary.m */; settings = {COMPILER_FLAGS = "-w"; }; };
		0D181FF2E3C743BFB5A32005 /* CDVViewController+SplashScreen.m in Sources */ = {isa = PBXBuildFile; fileRef = 1CA7A3B493F1462EBD9B9EB5 /* CDVViewController+SplashScreen.m */; };
		13020E53A0974AA49BFEC7FA /* APPBadge.m in Sources */ = {isa = PBXBuildFile; fileRef = 6A604480FC33417FBA2861D0 /* APPBadge.m */; };
		18F6B147B7EA4CF3A3BC1501 /* CDVLocalFilesystem.m in Sources */ = {isa = PBXBuildFile; fileRef = BAEEF2969BAE483D813A0E15 /* CDVLocalFilesystem.m */; };
		1D3623260D0F684500981E51 /* AppDelegate.m in Sources */ = {isa = PBXBuildFile; fileRef = 1D3623250D0F684500981E51 /* AppDelegate.m */; };
		1D60589B0D05DD56006BFB54 /* main.m in Sources */ = {isa = PBXBuildFile; fileRef = 29B97316FDCFA39411CA2CEA /* main.m */; };
		26527A30804A4C76A8520E31 /* CoreLocation.framework in Frameworks */ = {isa = PBXBuildFile; fileRef = B41DB9A922CC4B48B41BAA00 /* CoreLocation.framework */; };
		29C9DD99C6334C30A825DB1B /* MessageUI.framework in Frameworks */ = {isa = PBXBuildFile; fileRef = 10F349B08BDD4E02B2B1621E /* MessageUI.framework */; settings = {ATTRIBUTES = (Weak, ); }; };
		2A914F0B7819412BAFCB7752 /* IonicCordovaCommon.m in Sources */ = {isa = PBXBuildFile; fileRef = 06C395C5F96E4A689264B77E /* IonicCordovaCommon.m */; };
		301BF552109A68D80062928A /* libCordova.a in Frameworks */ = {isa = PBXBuildFile; fileRef = 301BF535109A57CC0062928A /* libCordova.a */; settings = {ATTRIBUTES = (Required, ); }; };
		302D95F114D2391D003F00A1 /* MainViewController.m in Sources */ = {isa = PBXBuildFile; fileRef = 302D95EF14D2391D003F00A1 /* MainViewController.m */; };
		302D95F214D2391D003F00A1 /* MainViewController.xib in Resources */ = {isa = PBXBuildFile; fileRef = 302D95F014D2391D003F00A1 /* MainViewController.xib */; };
		3D27541379894D598252E4A9 /* UserNotifications.framework in Frameworks */ = {isa = PBXBuildFile; fileRef = AB454AEE131F4D929CA68311 /* UserNotifications.framework */; };
		45D9C7353F8F4549801B395B /* CDVClipboard.m in Sources */ = {isa = PBXBuildFile; fileRef = 865F0AFFDAFF4CE280D4E87C /* CDVClipboard.m */; };
		48A6CD24B1C84BD4B30D82CB /* SQLitePlugin.m in Sources */ = {isa = PBXBuildFile; fileRef = A892A376039E46CA9A22CC30 /* SQLitePlugin.m */; };
		4D506F7B9E0743D7A2809BD5 /* CDVDevice.m in Sources */ = {isa = PBXBuildFile; fileRef = 976A4DEB71324E8CBDBDF48D /* CDVDevice.m */; };
		536E0400174D4D64A611D0BE /* CDVFile.m in Sources */ = {isa = PBXBuildFile; fileRef = C21575479F684EF5B75703C1 /* CDVFile.m */; };
		55D4B6A4C69443BA96131101 /* CDVSplashScreen.m in Sources */ = {isa = PBXBuildFile; fileRef = 39D300C9BAD84534842539B1 /* CDVSplashScreen.m */; };
		58D6996106694DE4B2E13B11 /* NSString+SSURLEncoding.m in Sources */ = {isa = PBXBuildFile; fileRef = 4CA95279B9D8411FAEBB9026 /* NSString+SSURLEncoding.m */; };
		654F86A5E58349AE8B3A1742 /* CDVAssetLibraryFilesystem.m in Sources */ = {isa = PBXBuildFile; fileRef = F6526495D3B24D72810A5F49 /* CDVAssetLibraryFilesystem.m */; };
		6AFF5BF91D6E424B00AB3073 /* CDVLaunchScreen.storyboard in Resources */ = {isa = PBXBuildFile; fileRef = 6AFF5BF81D6E424B00AB3073 /* CDVLaunchScreen.storyboard */; };
		6FAA307712E74D989DF44249 /* CDVStatusBar.m in Sources */ = {isa = PBXBuildFile; fileRef = 7E24807BCCA04299A5EAE5C7 /* CDVStatusBar.m */; };
		762B0A6CEF1D474984095EB0 /* SocialSharing.m in Sources */ = {isa = PBXBuildFile; fileRef = 0DBDC1BFA0134EF6A9853D27 /* SocialSharing.m */; };
		7A79A1D6103F4765928FD5F9 /* APPNotificationOptions.m in Sources */ = {isa = PBXBuildFile; fileRef = 8F431CF3F3D846C78F7CD564 /* APPNotificationOptions.m */; };
		866F12D8C9844B83B4C12140 /* Social.framework in Frameworks */ = {isa = PBXBuildFile; fileRef = 724ACAB54D18491996C8D385 /* Social.framework */; settings = {ATTRIBUTES = (Weak, ); }; };
		897C00307DFF4BC4A8556114 /* sqlite3.c in Sources */ = {isa = PBXBuildFile; fileRef = 4469ECBD352C4453BEF35A99 /* sqlite3.c */; settings = {COMPILER_FLAGS = "-w -DSQLITE_THREADSAFE=1 -DSQLITE_DEFAULT_SYNCHRONOUS=3 -DSQLITE_DEFAULT_MEMSTATUS=0 -DSQLITE_OMIT_DECLTYPE -DSQLITE_OMIT_DEPRECATED -DSQLITE_OMIT_PROGRESS_CALLBACK -DSQLITE_OMIT_SHARED_CACHE -DSQLITE_TEMP_STORE=2 -DSQLITE_OMIT_LOAD_EXTENSION -DSQLITE_ENABLE_FTS3 -DSQLITE_ENABLE_FTS3_PARENTHESIS -DSQLITE_ENABLE_FTS4 -DSQLITE_ENABLE_RTREE -DSQLITE_DEFAULT_PAGE_SIZE=1024"; }; };
		930A5DA48CDE443AA7D5F2CC /* IONAssetHandler.m in Sources */ = {isa = PBXBuildFile; fileRef = F1E09B955BE04BDB8856DC96 /* IONAssetHandler.m */; };
		9C81E09069C44B1E89C3BA28 /* UNNotificationRequest+APPLocalNotification.m in Sources */ = {isa = PBXBuildFile; fileRef = 160E3B87D30E402BB886A348 /* UNNotificationRequest+APPLocalNotification.m */; };
		9DEDC89FEAE14E0C94EF5164 /* CDVWKProcessPoolFactory.m in Sources */ = {isa = PBXBuildFile; fileRef = C704B8917D234A58A8170091 /* CDVWKProcessPoolFactory.m */; };
		AA9B5DD37FE94140BD119FC2 /* CDVIonicKeyboard.m in Sources */ = {isa = PBXBuildFile; fileRef = 98A939BDE0B04DCFBAF9D689 /* CDVIonicKeyboard.m */; };
		B0E11DF374D244F38AA27EE2 /* APPLocalNotification.m in Sources */ = {isa = PBXBuildFile; fileRef = 1532975FA5BA43D9BC0FE1FF /* APPLocalNotification.m */; };
		B24177D94B964AC2B2E65BCC /* CDVFileTransfer.m in Sources */ = {isa = PBXBuildFile; fileRef = 2C93E41F258E43F387FB0E41 /* CDVFileTransfer.m */; };
		C4902DC9783B49059BC8EF64 /* WebKit.framework in Frameworks */ = {isa = PBXBuildFile; fileRef = 1E0742ABE18C48389C476822 /* WebKit.framework */; settings = {ATTRIBUTES = (Weak, ); }; };
		DD1EB411A27F4F5986CC014A /* APPNotificationContent.m in Sources */ = {isa = PBXBuildFile; fileRef = 7AEB1631ADB24D8696859D17 /* APPNotificationContent.m */; };
		DE1B9C47DDD94924813EB2B2 /* UNUserNotificationCenter+APPLocalNotification.m in Sources */ = {isa = PBXBuildFile; fileRef = 66F79B62604947C5ADF40377 /* UNUserNotificationCenter+APPLocalNotification.m */; };
		E1806FBACAF64BA5BE3EF72B /* CDVWKWebViewEngine.m in Sources */ = {isa = PBXBuildFile; fileRef = 5C2291409DFB43859673C324 /* CDVWKWebViewEngine.m */; };
		EA3884C8987C40D0BE9BEB35 /* CDVWKWebViewUIDelegate.m in Sources */ = {isa = PBXBuildFile; fileRef = DFBA46CBFB6D46EC892F701C /* CDVWKWebViewUIDelegate.m */; };
/* End PBXBuildFile section */

/* Begin PBXContainerItemProxy section */
		301BF534109A57CC0062928A /* PBXContainerItemProxy */ = {
			isa = PBXContainerItemProxy;
			containerPortal = 301BF52D109A57CC0062928A /* CordovaLib/CordovaLib.xcodeproj */;
			proxyType = 2;
			remoteGlobalIDString = D2AAC07E0554694100DB518D;
			remoteInfo = CordovaLib;
		};
		301BF550109A68C00062928A /* PBXContainerItemProxy */ = {
			isa = PBXContainerItemProxy;
			containerPortal = 301BF52D109A57CC0062928A /* CordovaLib/CordovaLib.xcodeproj */;
			proxyType = 1;
			remoteGlobalIDString = D2AAC07D0554694100DB518D;
			remoteInfo = CordovaLib;
		};
		907D8123214C687600058A10 /* PBXContainerItemProxy */ = {
			isa = PBXContainerItemProxy;
			containerPortal = 301BF52D109A57CC0062928A /* CordovaLib/CordovaLib.xcodeproj */;
			proxyType = 2;
			remoteGlobalIDString = C0C01EB21E3911D50056E6CB;
			remoteInfo = Cordova;
		};
/* End PBXContainerItemProxy section */

/* Begin PBXFileReference section */
		0207DA571B56EA530066E2B4 /* Images.xcassets */ = {isa = PBXFileReference; lastKnownFileType = folder.assetcatalog; name = Images.xcassets; path = Mimuqui/Images.xcassets; sourceTree = SOURCE_ROOT; };
		06C395C5F96E4A689264B77E /* IonicCordovaCommon.m */ = {isa = PBXFileReference; explicitFileType = undefined; fileEncoding = 4; includeInIndex = 0; lastKnownFileType = sourcecode.c.objc; name = IonicCordovaCommon.m; path = "cordova-plugin-ionic/IonicCordovaCommon.m"; sourceTree = "<group>"; };
		08DD60CAD48B449288E70567 /* APPNotificationOptions.h */ = {isa = PBXFileReference; explicitFileType = undefined; fileEncoding = 4; includeInIndex = 0; lastKnownFileType = sourcecode.c.h; name = APPNotificationOptions.h; path = "cordova-plugin-local-notification/APPNotificationOptions.h"; sourceTree = "<group>"; };
		0DBDC1BFA0134EF6A9853D27 /* SocialSharing.m */ = {isa = PBXFileReference; explicitFileType = undefined; fileEncoding = 4; includeInIndex = 0; lastKnownFileType = sourcecode.c.objc; name = SocialSharing.m; path = "cordova-plugin-x-socialsharing/SocialSharing.m"; sourceTree = "<group>"; };
		10F349B08BDD4E02B2B1621E /* MessageUI.framework */ = {isa = PBXFileReference; explicitFileType = undefined; fileEncoding = 9; includeInIndex = 0; lastKnownFileType = wrapper.framework; name = MessageUI.framework; path = System/Library/Frameworks/MessageUI.framework; sourceTree = SDKROOT; };
		1532975FA5BA43D9BC0FE1FF /* APPLocalNotification.m */ = {isa = PBXFileReference; explicitFileType = undefined; fileEncoding = 4; includeInIndex = 0; lastKnownFileType = sourcecode.c.objc; name = APPLocalNotification.m; path = "cordova-plugin-local-notification/APPLocalNotification.m"; sourceTree = "<group>"; };
		160E3B87D30E402BB886A348 /* UNNotificationRequest+APPLocalNotification.m */ = {isa = PBXFileReference; explicitFileType = undefined; fileEncoding = 4; includeInIndex = 0; lastKnownFileType = sourcecode.c.objc; name = "UNNotificationRequest+APPLocalNotification.m"; path = "cordova-plugin-local-notification/UNNotificationRequest+APPLocalNotification.m"; sourceTree = "<group>"; };
		1CA7A3B493F1462EBD9B9EB5 /* CDVViewController+SplashScreen.m */ = {isa = PBXFileReference; explicitFileType = undefined; fileEncoding = 4; includeInIndex = 0; lastKnownFileType = sourcecode.c.objc; name = "CDVViewController+SplashScreen.m"; path = "cordova-plugin-splashscreen/CDVViewController+SplashScreen.m"; sourceTree = "<group>"; };
		1D3623240D0F684500981E51 /* AppDelegate.h */ = {isa = PBXFileReference; fileEncoding = 4; lastKnownFileType = sourcecode.c.h; path = AppDelegate.h; sourceTree = "<group>"; };
		1D3623250D0F684500981E51 /* AppDelegate.m */ = {isa = PBXFileReference; fileEncoding = 4; lastKnownFileType = sourcecode.c.objc; path = AppDelegate.m; sourceTree = "<group>"; };
		1D6058910D05DD3D006BFB54 /* Mimuqui.app */ = {isa = PBXFileReference; explicitFileType = wrapper.application; includeInIndex = 0; path = Mimuqui.app; sourceTree = BUILT_PRODUCTS_DIR; };
		1E0742ABE18C48389C476822 /* WebKit.framework */ = {isa = PBXFileReference; explicitFileType = undefined; fileEncoding = 9; includeInIndex = 0; lastKnownFileType = wrapper.framework; name = WebKit.framework; path = System/Library/Frameworks/WebKit.framework; sourceTree = SDKROOT; };
		28B2DDA78CCF46F48577C64B /* CDVFileTransfer.h */ = {isa = PBXFileReference; explicitFileType = undefined; fileEncoding = 4; includeInIndex = 0; lastKnownFileType = sourcecode.c.h; name = CDVFileTransfer.h; path = "cordova-plugin-file-transfer/CDVFileTransfer.h"; sourceTree = "<group>"; };
		29B97316FDCFA39411CA2CEA /* main.m */ = {isa = PBXFileReference; fileEncoding = 4; lastKnownFileType = sourcecode.c.objc; path = main.m; sourceTree = "<group>"; };
		2C93E41F258E43F387FB0E41 /* CDVFileTransfer.m */ = {isa = PBXFileReference; explicitFileType = undefined; fileEncoding = 4; includeInIndex = 0; lastKnownFileType = sourcecode.c.objc; name = CDVFileTransfer.m; path = "cordova-plugin-file-transfer/CDVFileTransfer.m"; sourceTree = "<group>"; };
		2F50B78D342E45C58876E4E3 /* CDVFile.h */ = {isa = PBXFileReference; explicitFileType = undefined; fileEncoding = 4; includeInIndex = 0; lastKnownFileType = sourcecode.c.h; name = CDVFile.h; path = "cordova-plugin-file/CDVFile.h"; sourceTree = "<group>"; };
		301BF52D109A57CC0062928A /* CordovaLib/CordovaLib.xcodeproj */ = {isa = PBXFileReference; lastKnownFileType = "wrapper.pb-project"; path = CordovaLib/CordovaLib.xcodeproj; sourceTree = "<group>"; };
		301BF56E109A69640062928A /* www */ = {isa = PBXFileReference; lastKnownFileType = folder; path = www; sourceTree = SOURCE_ROOT; };
		302D95EE14D2391D003F00A1 /* MainViewController.h */ = {isa = PBXFileReference; fileEncoding = 4; lastKnownFileType = sourcecode.c.h; path = MainViewController.h; sourceTree = "<group>"; };
		302D95EF14D2391D003F00A1 /* MainViewController.m */ = {isa = PBXFileReference; fileEncoding = 4; lastKnownFileType = sourcecode.c.objc; path = MainViewController.m; sourceTree = "<group>"; };
		302D95F014D2391D003F00A1 /* MainViewController.xib */ = {isa = PBXFileReference; fileEncoding = 4; lastKnownFileType = file.xib; path = MainViewController.xib; sourceTree = "<group>"; };
		3047A50F1AB8059700498E2A /* build-debug.xcconfig */ = {isa = PBXFileReference; fileEncoding = 4; lastKnownFileType = text.xcconfig; name = "build-debug.xcconfig"; path = "cordova/build-debug.xcconfig"; sourceTree = SOURCE_ROOT; };
		3047A5101AB8059700498E2A /* build-release.xcconfig */ = {isa = PBXFileReference; fileEncoding = 4; lastKnownFileType = text.xcconfig; name = "build-release.xcconfig"; path = "cordova/build-release.xcconfig"; sourceTree = SOURCE_ROOT; };
		3047A5111AB8059700498E2A /* build.xcconfig */ = {isa = PBXFileReference; fileEncoding = 4; lastKnownFileType = text.xcconfig; name = build.xcconfig; path = cordova/build.xcconfig; sourceTree = SOURCE_ROOT; };
		32CA4F630368D1EE00C91783 /* Mimuqui-Prefix.pch */ = {isa = PBXFileReference; fileEncoding = 4; lastKnownFileType = sourcecode.c.h; path = "Mimuqui-Prefix.pch"; sourceTree = "<group>"; };
		39D300C9BAD84534842539B1 /* CDVSplashScreen.m */ = {isa = PBXFileReference; explicitFileType = undefined; fileEncoding = 4; includeInIndex = 0; lastKnownFileType = sourcecode.c.objc; name = CDVSplashScreen.m; path = "cordova-plugin-splashscreen/CDVSplashScreen.m"; sourceTree = "<group>"; };
		3D2791057E254EDB83D17C59 /* CDVIonicKeyboard.h */ = {isa = PBXFileReference; explicitFileType = undefined; fileEncoding = 4; includeInIndex = 0; lastKnownFileType = sourcecode.c.h; name = CDVIonicKeyboard.h; path = "cordova-plugin-ionic-keyboard/CDVIonicKeyboard.h"; sourceTree = "<group>"; };
		4469ECBD352C4453BEF35A99 /* sqlite3.c */ = {isa = PBXFileReference; explicitFileType = undefined; fileEncoding = 9; includeInIndex = 0; lastKnownFileType = unknown; name = sqlite3.c; path = "cordova-sqlite-storage/sqlite3.c"; sourceTree = "<group>"; };
		47A6D55F1F4A482F93721A70 /* NSString+SSURLEncoding.h */ = {isa = PBXFileReference; explicitFileType = undefined; fileEncoding = 4; includeInIndex = 0; lastKnownFileType = sourcecode.c.h; name = "NSString+SSURLEncoding.h"; path = "cordova-plugin-x-socialsharing/NSString+SSURLEncoding.h"; sourceTree = "<group>"; };
		4A7D1E543AD04BA58E2AB229 /* UNNotificationRequest+APPLocalNotification.h */ = {isa = PBXFileReference; explicitFileType = undefined; fileEncoding = 4; includeInIndex = 0; lastKnownFileType = sourcecode.c.h; name = "UNNotificationRequest+APPLocalNotification.h"; path = "cordova-plugin-local-notification/UNNotificationRequest+APPLocalNotification.h"; sourceTree = "<group>"; };
		4CA95279B9D8411FAEBB9026 /* NSString+SSURLEncoding.m */ = {isa = PBXFileReference; explicitFileType = undefined; fileEncoding = 4; includeInIndex = 0; lastKnownFileType = sourcecode.c.objc; name = "NSString+SSURLEncoding.m"; path = "cordova-plugin-x-socialsharing/NSString+SSURLEncoding.m"; sourceTree = "<group>"; };
		5B56A9A0F5BD4D3C9B1AA72E /* CDVWKWebViewUIDelegate.h */ = {isa = PBXFileReference; explicitFileType = undefined; fileEncoding = 4; includeInIndex = 0; lastKnownFileType = sourcecode.c.h; name = CDVWKWebViewUIDelegate.h; path = "cordova-plugin-ionic-webview/CDVWKWebViewUIDelegate.h"; sourceTree = "<group>"; };
		5C2291409DFB43859673C324 /* CDVWKWebViewEngine.m */ = {isa = PBXFileReference; explicitFileType = undefined; fileEncoding = 4; includeInIndex = 0; lastKnownFileType = sourcecode.c.objc; name = CDVWKWebViewEngine.m; path = "cordova-plugin-ionic-webview/CDVWKWebViewEngine.m"; sourceTree = "<group>"; };
		5E5A553BE65F488E90369D37 /* CDVViewController+SplashScreen.h */ = {isa = PBXFileReference; explicitFileType = undefined; fileEncoding = 4; includeInIndex = 0; lastKnownFileType = sourcecode.c.h; name = "CDVViewController+SplashScreen.h"; path = "cordova-plugin-splashscreen/CDVViewController+SplashScreen.h"; sourceTree = "<group>"; };
		646F28AB492146FFACC9C593 /* CDVStatusBar.h */ = {isa = PBXFileReference; explicitFileType = undefined; fileEncoding = 4; includeInIndex = 0; lastKnownFileType = sourcecode.c.h; name = CDVStatusBar.h; path = "cordova-plugin-statusbar/CDVStatusBar.h"; sourceTree = "<group>"; };
		66F79B62604947C5ADF40377 /* UNUserNotificationCenter+APPLocalNotification.m */ = {isa = PBXFileReference; explicitFileType = undefined; fileEncoding = 4; includeInIndex = 0; lastKnownFileType = sourcecode.c.objc; name = "UNUserNotificationCenter+APPLocalNotification.m"; path = "cordova-plugin-local-notification/UNUserNotificationCenter+APPLocalNotification.m"; sourceTree = "<group>"; };
		6A604480FC33417FBA2861D0 /* APPBadge.m */ = {isa = PBXFileReference; explicitFileType = undefined; fileEncoding = 4; includeInIndex = 0; lastKnownFileType = sourcecode.c.objc; name = APPBadge.m; path = "cordova-plugin-badge/APPBadge.m"; sourceTree = "<group>"; };
		6AFF5BF81D6E424B00AB3073 /* CDVLaunchScreen.storyboard */ = {isa = PBXFileReference; fileEncoding = 4; lastKnownFileType = file.storyboard; name = CDVLaunchScreen.storyboard; path = Mimuqui/CDVLaunchScreen.storyboard; sourceTree = SOURCE_ROOT; };
		724ACAB54D18491996C8D385 /* Social.framework */ = {isa = PBXFileReference; explicitFileType = undefined; fileEncoding = 9; includeInIndex = 0; lastKnownFileType = wrapper.framework; name = Social.framework; path = System/Library/Frameworks/Social.framework; sourceTree = SDKROOT; };
		74B4E5D3435B4C858F6D3B84 /* APPLocalNotification.h */ = {isa = PBXFileReference; explicitFileType = undefined; fileEncoding = 4; includeInIndex = 0; lastKnownFileType = sourcecode.c.h; name = APPLocalNotification.h; path = "cordova-plugin-local-notification/APPLocalNotification.h"; sourceTree = "<group>"; };
		7AEB1631ADB24D8696859D17 /* APPNotificationContent.m */ = {isa = PBXFileReference; explicitFileType = undefined; fileEncoding = 4; includeInIndex = 0; lastKnownFileType = sourcecode.c.objc; name = APPNotificationContent.m; path = "cordova-plugin-local-notification/APPNotificationContent.m"; sourceTree = "<group>"; };
		7C10513E2F944600A259B73D /* CDVDevice.h */ = {isa = PBXFileReference; explicitFileType = undefined; fileEncoding = 4; includeInIndex = 0; lastKnownFileType = sourcecode.c.h; name = CDVDevice.h; path = "cordova-plugin-device/CDVDevice.h"; sourceTree = "<group>"; };
		7E24807BCCA04299A5EAE5C7 /* CDVStatusBar.m */ = {isa = PBXFileReference; explicitFileType = undefined; fileEncoding = 4; includeInIndex = 0; lastKnownFileType = sourcecode.c.objc; name = CDVStatusBar.m; path = "cordova-plugin-statusbar/CDVStatusBar.m"; sourceTree = "<group>"; };
		865F0AFFDAFF4CE280D4E87C /* CDVClipboard.m */ = {isa = PBXFileReference; explicitFileType = undefined; fileEncoding = 4; includeInIndex = 0; lastKnownFileType = sourcecode.c.objc; name = CDVClipboard.m; path = "cordova-clipboard/CDVClipboard.m"; sourceTree = "<group>"; };
		86F4CEF2332240179BB4C2BC /* CDVAssetLibraryFilesystem.h */ = {isa = PBXFileReference; explicitFileType = undefined; fileEncoding = 4; includeInIndex = 0; lastKnownFileType = sourcecode.c.h; name = CDVAssetLibraryFilesystem.h; path = "cordova-plugin-file/CDVAssetLibraryFilesystem.h"; sourceTree = "<group>"; };
		88D00C50A77C4A219DD264D0 /* CDVWKWebViewEngine.h */ = {isa = PBXFileReference; explicitFileType = undefined; fileEncoding = 4; includeInIndex = 0; lastKnownFileType = sourcecode.c.h; name = CDVWKWebViewEngine.h; path = "cordova-plugin-ionic-webview/CDVWKWebViewEngine.h"; sourceTree = "<group>"; };
		8D1107310486CEB800E47090 /* Mimuqui-Info.plist */ = {isa = PBXFileReference; fileEncoding = 4; lastKnownFileType = text.plist.xml; name = "Mimuqui-Info.plist"; path = "Mimuqui/Mimuqui-Info.plist"; plistStructureDefinitionIdentifier = "com.apple.xcode.plist.structure-definition.iphone.info-plist"; sourceTree = SOURCE_ROOT; };
		8DB07F46821846099A4BDC91 /* SocialSharing.h */ = {isa = PBXFileReference; explicitFileType = undefined; fileEncoding = 4; includeInIndex = 0; lastKnownFileType = sourcecode.c.h; name = SocialSharing.h; path = "cordova-plugin-x-socialsharing/SocialSharing.h"; sourceTree = "<group>"; };
		8F431CF3F3D846C78F7CD564 /* APPNotificationOptions.m */ = {isa = PBXFileReference; explicitFileType = undefined; fileEncoding = 4; includeInIndex = 0; lastKnownFileType = sourcecode.c.objc; name = APPNotificationOptions.m; path = "cordova-plugin-local-notification/APPNotificationOptions.m"; sourceTree = "<group>"; };
		9186D2EE86C44385970BB6C1 /* UNUserNotificationCenter+APPLocalNotification.h */ = {isa = PBXFileReference; explicitFileType = undefined; fileEncoding = 4; includeInIndex = 0; lastKnownFileType = sourcecode.c.h; name = "UNUserNotificationCenter+APPLocalNotification.h"; path = "cordova-plugin-local-notification/UNUserNotificationCenter+APPLocalNotification.h"; sourceTree = "<group>"; };
		976A4DEB71324E8CBDBDF48D /* CDVDevice.m */ = {isa = PBXFileReference; explicitFileType = undefined; fileEncoding = 4; includeInIndex = 0; lastKnownFileType = sourcecode.c.objc; name = CDVDevice.m; path = "cordova-plugin-device/CDVDevice.m"; sourceTree = "<group>"; };
		98A939BDE0B04DCFBAF9D689 /* CDVIonicKeyboard.m */ = {isa = PBXFileReference; explicitFileType = undefined; fileEncoding = 4; includeInIndex = 0; lastKnownFileType = sourcecode.c.objc; name = CDVIonicKeyboard.m; path = "cordova-plugin-ionic-keyboard/CDVIonicKeyboard.m"; sourceTree = "<group>"; };
		A892A376039E46CA9A22CC30 /* SQLitePlugin.m */ = {isa = PBXFileReference; explicitFileType = undefined; fileEncoding = 4; includeInIndex = 0; lastKnownFileType = sourcecode.c.objc; name = SQLitePlugin.m; path = "cordova-sqlite-storage/SQLitePlugin.m"; sourceTree = "<group>"; };
		A8D393BE82EB40C2A82915F9 /* CDVClipboard.h */ = {isa = PBXFileReference; explicitFileType = undefined; fileEncoding = 4; includeInIndex = 0; lastKnownFileType = sourcecode.c.h; name = CDVClipboard.h; path = "cordova-clipboard/CDVClipboard.h"; sourceTree = "<group>"; };
		AB454AEE131F4D929CA68311 /* UserNotifications.framework */ = {isa = PBXFileReference; explicitFileType = undefined; fileEncoding = 9; includeInIndex = 0; lastKnownFileType = wrapper.framework; name = UserNotifications.framework; path = System/Library/Frameworks/UserNotifications.framework; sourceTree = SDKROOT; };
		B0493F12AEBD40AEB4C03640 /* sqlite3.h */ = {isa = PBXFileReference; explicitFileType = undefined; fileEncoding = 4; includeInIndex = 0; lastKnownFileType = sourcecode.c.h; name = sqlite3.h; path = "cordova-sqlite-storage/sqlite3.h"; sourceTree = "<group>"; };
		B3959A0CB3CC4BA0B6BECF9D /* IONAssetHandler.h */ = {isa = PBXFileReference; explicitFileType = undefined; fileEncoding = 4; includeInIndex = 0; lastKnownFileType = sourcecode.c.h; name = IONAssetHandler.h; path = "cordova-plugin-ionic-webview/IONAssetHandler.h"; sourceTree = "<group>"; };
		B41DB9A922CC4B48B41BAA00 /* CoreLocation.framework */ = {isa = PBXFileReference; explicitFileType = undefined; fileEncoding = 9; includeInIndex = 0; lastKnownFileType = wrapper.framework; name = CoreLocation.framework; path = System/Library/Frameworks/CoreLocation.framework; sourceTree = SDKROOT; };
		BAEEF2969BAE483D813A0E15 /* CDVLocalFilesystem.m */ = {isa = PBXFileReference; explicitFileType = undefined; fileEncoding = 4; includeInIndex = 0; lastKnownFileType = sourcecode.c.objc; name = CDVLocalFilesystem.m; path = "cordova-plugin-file/CDVLocalFilesystem.m"; sourceTree = "<group>"; };
		C1FBD923CB424DD48884E154 /* CDVLocalFilesystem.h */ = {isa = PBXFileReference; explicitFileType = undefined; fileEncoding = 4; includeInIndex = 0; lastKnownFileType = sourcecode.c.h; name = CDVLocalFilesystem.h; path = "cordova-plugin-file/CDVLocalFilesystem.h"; sourceTree = "<group>"; };
		C21575479F684EF5B75703C1 /* CDVFile.m */ = {isa = PBXFileReference; explicitFileType = undefined; fileEncoding = 4; includeInIndex = 0; lastKnownFileType = sourcecode.c.objc; name = CDVFile.m; path = "cordova-plugin-file/CDVFile.m"; sourceTree = "<group>"; };
		C3CB8760BB944F65959442EE /* APPNotificationContent.h */ = {isa = PBXFileReference; explicitFileType = undefined; fileEncoding = 4; includeInIndex = 0; lastKnownFileType = sourcecode.c.h; name = APPNotificationContent.h; path = "cordova-plugin-local-notification/APPNotificationContent.h"; sourceTree = "<group>"; };
		C704B8917D234A58A8170091 /* CDVWKProcessPoolFactory.m */ = {isa = PBXFileReference; explicitFileType = undefined; fileEncoding = 4; includeInIndex = 0; lastKnownFileType = sourcecode.c.objc; name = CDVWKProcessPoolFactory.m; path = "cordova-plugin-ionic-webview/CDVWKProcessPoolFactory.m"; sourceTree = "<group>"; };
		C760B614754D494899D6BEDA /* APPBadge.h */ = {isa = PBXFileReference; explicitFileType = undefined; fileEncoding = 4; includeInIndex = 0; lastKnownFileType = sourcecode.c.h; name = APPBadge.h; path = "cordova-plugin-badge/APPBadge.h"; sourceTree = "<group>"; };
		CA720270100A4C718CD2EEFD /* IonicCordovaCommon.h */ = {isa = PBXFileReference; explicitFileType = undefined; fileEncoding = 4; includeInIndex = 0; lastKnownFileType = sourcecode.c.h; name = IonicCordovaCommon.h; path = "cordova-plugin-ionic/IonicCordovaCommon.h"; sourceTree = "<group>"; };
		D03D355D17C54261B9020AAB /* PSPDFThreadSafeMutableDictionary.h */ = {isa = PBXFileReference; explicitFileType = undefined; fileEncoding = 4; includeInIndex = 0; lastKnownFileType = sourcecode.c.h; name = PSPDFThreadSafeMutableDictionary.h; path = "cordova-sqlite-storage/PSPDFThreadSafeMutableDictionary.h"; sourceTree = "<group>"; };
		D87EFE298857454A8671BDF4 /* CDVWKProcessPoolFactory.h */ = {isa = PBXFileReference; explicitFileType = undefined; fileEncoding = 4; includeInIndex = 0; lastKnownFileType = sourcecode.c.h; name = CDVWKProcessPoolFactory.h; path = "cordova-plugin-ionic-webview/CDVWKProcessPoolFactory.h"; sourceTree = "<group>"; };
		DFBA46CBFB6D46EC892F701C /* CDVWKWebViewUIDelegate.m */ = {isa = PBXFileReference; explicitFileType = undefined; fileEncoding = 4; includeInIndex = 0; lastKnownFileType = sourcecode.c.objc; name = CDVWKWebViewUIDelegate.m; path = "cordova-plugin-ionic-webview/CDVWKWebViewUIDelegate.m"; sourceTree = "<group>"; };
		EB87FDF31871DA8E0020F90C /* www */ = {isa = PBXFileReference; lastKnownFileType = folder; name = www; path = ../../www; sourceTree = "<group>"; };
		EB87FDF41871DAF40020F90C /* config.xml */ = {isa = PBXFileReference; lastKnownFileType = text.xml; name = config.xml; path = ../../config.xml; sourceTree = "<group>"; };
		ED33DF2A687741AEAF9F8254 /* Bridging-Header.h */ = {isa = PBXFileReference; fileEncoding = 4; lastKnownFileType = sourcecode.c.h; path = "Bridging-Header.h"; sourceTree = "<group>"; };
		F1E09B955BE04BDB8856DC96 /* IONAssetHandler.m */ = {isa = PBXFileReference; explicitFileType = undefined; fileEncoding = 4; includeInIndex = 0; lastKnownFileType = sourcecode.c.objc; name = IONAssetHandler.m; path = "cordova-plugin-ionic-webview/IONAssetHandler.m"; sourceTree = "<group>"; };
		F30AC0CE4425499CABB9BA14 /* PSPDFThreadSafeMutableDictionary.m */ = {isa = PBXFileReference; explicitFileType = undefined; fileEncoding = 4; includeInIndex = 0; lastKnownFileType = sourcecode.c.objc; name = PSPDFThreadSafeMutableDictionary.m; path = "cordova-sqlite-storage/PSPDFThreadSafeMutableDictionary.m"; sourceTree = "<group>"; };
		F6526495D3B24D72810A5F49 /* CDVAssetLibraryFilesystem.m */ = {isa = PBXFileReference; explicitFileType = undefined; fileEncoding = 4; includeInIndex = 0; lastKnownFileType = sourcecode.c.objc; name = CDVAssetLibraryFilesystem.m; path = "cordova-plugin-file/CDVAssetLibraryFilesystem.m"; sourceTree = "<group>"; };
		F840E1F0165FE0F500CFE078 /* config.xml */ = {isa = PBXFileReference; lastKnownFileType = text.xml; name = config.xml; path = Mimuqui/config.xml; sourceTree = "<group>"; };
		F862F752410B4770AEF9E617 /* SQLitePlugin.h */ = {isa = PBXFileReference; explicitFileType = undefined; fileEncoding = 4; includeInIndex = 0; lastKnownFileType = sourcecode.c.h; name = SQLitePlugin.h; path = "cordova-sqlite-storage/SQLitePlugin.h"; sourceTree = "<group>"; };
		FFDF61690F3848CA80D24F1B /* CDVSplashScreen.h */ = {isa = PBXFileReference; explicitFileType = undefined; fileEncoding = 4; includeInIndex = 0; lastKnownFileType = sourcecode.c.h; name = CDVSplashScreen.h; path = "cordova-plugin-splashscreen/CDVSplashScreen.h"; sourceTree = "<group>"; };
/* End PBXFileReference section */

/* Begin PBXFrameworksBuildPhase section */
		1D60588F0D05DD3D006BFB54 /* Frameworks */ = {
			isa = PBXFrameworksBuildPhase;
			buildActionMask = 2147483647;
			files = (
				301BF552109A68D80062928A /* libCordova.a in Frameworks */,
				C4902DC9783B49059BC8EF64 /* WebKit.framework in Frameworks */,
				3D27541379894D598252E4A9 /* UserNotifications.framework in Frameworks */,
				26527A30804A4C76A8520E31 /* CoreLocation.framework in Frameworks */,
				866F12D8C9844B83B4C12140 /* Social.framework in Frameworks */,
				29C9DD99C6334C30A825DB1B /* MessageUI.framework in Frameworks */,
			);
			runOnlyForDeploymentPostprocessing = 0;
		};
/* End PBXFrameworksBuildPhase section */

/* Begin PBXGroup section */
		080E96DDFE201D6D7F000001 /* Classes */ = {
			isa = PBXGroup;
			children = (
				302D95EE14D2391D003F00A1 /* MainViewController.h */,
				302D95EF14D2391D003F00A1 /* MainViewController.m */,
				302D95F014D2391D003F00A1 /* MainViewController.xib */,
				1D3623240D0F684500981E51 /* AppDelegate.h */,
				1D3623250D0F684500981E51 /* AppDelegate.m */,
			);
			name = Classes;
			path = Mimuqui/Classes;
			sourceTree = SOURCE_ROOT;
		};
		19C28FACFE9D520D11CA2CBB /* Products */ = {
			isa = PBXGroup;
			children = (
				1D6058910D05DD3D006BFB54 /* Mimuqui.app */,
			);
			name = Products;
			sourceTree = "<group>";
		};
		29B97314FDCFA39411CA2CEA /* CustomTemplate */ = {
			isa = PBXGroup;
			children = (
				EB87FDF41871DAF40020F90C /* config.xml */,
				EB87FDF31871DA8E0020F90C /* www */,
				EB87FDF11871DA420020F90C /* Staging */,
				301BF52D109A57CC0062928A /* CordovaLib/CordovaLib.xcodeproj */,
				080E96DDFE201D6D7F000001 /* Classes */,
				307C750510C5A3420062BCA9 /* Plugins */,
				29B97315FDCFA39411CA2CEA /* Other Sources */,
				29B97317FDCFA39411CA2CEA /* Resources */,
				29B97323FDCFA39411CA2CEA /* Frameworks */,
				19C28FACFE9D520D11CA2CBB /* Products */,
			);
			name = CustomTemplate;
			sourceTree = "<group>";
		};
		29B97315FDCFA39411CA2CEA /* Other Sources */ = {
			isa = PBXGroup;
			children = (
				32CA4F630368D1EE00C91783 /* Mimuqui-Prefix.pch */,
				29B97316FDCFA39411CA2CEA /* main.m */,
				ED33DF2A687741AEAF9F8254 /* Bridging-Header.h */,
			);
			name = "Other Sources";
			path = Mimuqui;
			sourceTree = "<group>";
		};
		29B97317FDCFA39411CA2CEA /* Resources */ = {
			isa = PBXGroup;
			children = (
				0207DA571B56EA530066E2B4 /* Images.xcassets */,
				3047A50E1AB8057F00498E2A /* config */,
				8D1107310486CEB800E47090 /* Mimuqui-Info.plist */,
				6AFF5BF81D6E424B00AB3073 /* CDVLaunchScreen.storyboard */,
			);
			name = Resources;
			path = Mimuqui/Resources;
			sourceTree = "<group>";
		};
		29B97323FDCFA39411CA2CEA /* Frameworks */ = {
			isa = PBXGroup;
			children = (
				1E0742ABE18C48389C476822 /* WebKit.framework */,
				AB454AEE131F4D929CA68311 /* UserNotifications.framework */,
				B41DB9A922CC4B48B41BAA00 /* CoreLocation.framework */,
				724ACAB54D18491996C8D385 /* Social.framework */,
				10F349B08BDD4E02B2B1621E /* MessageUI.framework */,
			);
			name = Frameworks;
			sourceTree = "<group>";
		};
		301BF52E109A57CC0062928A /* Products */ = {
			isa = PBXGroup;
			children = (
				301BF535109A57CC0062928A /* libCordova.a */,
				907D8124214C687600058A10 /* Cordova.framework */,
			);
			name = Products;
			sourceTree = "<group>";
		};
		3047A50E1AB8057F00498E2A /* config */ = {
			isa = PBXGroup;
			children = (
				3047A50F1AB8059700498E2A /* build-debug.xcconfig */,
				3047A5101AB8059700498E2A /* build-release.xcconfig */,
				3047A5111AB8059700498E2A /* build.xcconfig */,
			);
			name = config;
			sourceTree = "<group>";
		};
		307C750510C5A3420062BCA9 /* Plugins */ = {
			isa = PBXGroup;
			children = (
				865F0AFFDAFF4CE280D4E87C /* CDVClipboard.m */,
				A8D393BE82EB40C2A82915F9 /* CDVClipboard.h */,
				6A604480FC33417FBA2861D0 /* APPBadge.m */,
				C760B614754D494899D6BEDA /* APPBadge.h */,
				976A4DEB71324E8CBDBDF48D /* CDVDevice.m */,
				7C10513E2F944600A259B73D /* CDVDevice.h */,
				C21575479F684EF5B75703C1 /* CDVFile.m */,
				BAEEF2969BAE483D813A0E15 /* CDVLocalFilesystem.m */,
				F6526495D3B24D72810A5F49 /* CDVAssetLibraryFilesystem.m */,
				2F50B78D342E45C58876E4E3 /* CDVFile.h */,
				C1FBD923CB424DD48884E154 /* CDVLocalFilesystem.h */,
				86F4CEF2332240179BB4C2BC /* CDVAssetLibraryFilesystem.h */,
				2C93E41F258E43F387FB0E41 /* CDVFileTransfer.m */,
				28B2DDA78CCF46F48577C64B /* CDVFileTransfer.h */,
				39D300C9BAD84534842539B1 /* CDVSplashScreen.m */,
				1CA7A3B493F1462EBD9B9EB5 /* CDVViewController+SplashScreen.m */,
				FFDF61690F3848CA80D24F1B /* CDVSplashScreen.h */,
				5E5A553BE65F488E90369D37 /* CDVViewController+SplashScreen.h */,
				5C2291409DFB43859673C324 /* CDVWKWebViewEngine.m */,
				DFBA46CBFB6D46EC892F701C /* CDVWKWebViewUIDelegate.m */,
				C704B8917D234A58A8170091 /* CDVWKProcessPoolFactory.m */,
				F1E09B955BE04BDB8856DC96 /* IONAssetHandler.m */,
				88D00C50A77C4A219DD264D0 /* CDVWKWebViewEngine.h */,
				5B56A9A0F5BD4D3C9B1AA72E /* CDVWKWebViewUIDelegate.h */,
				D87EFE298857454A8671BDF4 /* CDVWKProcessPoolFactory.h */,
				B3959A0CB3CC4BA0B6BECF9D /* IONAssetHandler.h */,
				06C395C5F96E4A689264B77E /* IonicCordovaCommon.m */,
				CA720270100A4C718CD2EEFD /* IonicCordovaCommon.h */,
				98A939BDE0B04DCFBAF9D689 /* CDVIonicKeyboard.m */,
				3D2791057E254EDB83D17C59 /* CDVIonicKeyboard.h */,
				1532975FA5BA43D9BC0FE1FF /* APPLocalNotification.m */,
				7AEB1631ADB24D8696859D17 /* APPNotificationContent.m */,
				8F431CF3F3D846C78F7CD564 /* APPNotificationOptions.m */,
				66F79B62604947C5ADF40377 /* UNUserNotificationCenter+APPLocalNotification.m */,
				160E3B87D30E402BB886A348 /* UNNotificationRequest+APPLocalNotification.m */,
				74B4E5D3435B4C858F6D3B84 /* APPLocalNotification.h */,
				C3CB8760BB944F65959442EE /* APPNotificationContent.h */,
				08DD60CAD48B449288E70567 /* APPNotificationOptions.h */,
				9186D2EE86C44385970BB6C1 /* UNUserNotificationCenter+APPLocalNotification.h */,
				4A7D1E543AD04BA58E2AB229 /* UNNotificationRequest+APPLocalNotification.h */,
				7E24807BCCA04299A5EAE5C7 /* CDVStatusBar.m */,
				646F28AB492146FFACC9C593 /* CDVStatusBar.h */,
				4CA95279B9D8411FAEBB9026 /* NSString+SSURLEncoding.m */,
				0DBDC1BFA0134EF6A9853D27 /* SocialSharing.m */,
				47A6D55F1F4A482F93721A70 /* NSString+SSURLEncoding.h */,
				8DB07F46821846099A4BDC91 /* SocialSharing.h */,
				A892A376039E46CA9A22CC30 /* SQLitePlugin.m */,
				F30AC0CE4425499CABB9BA14 /* PSPDFThreadSafeMutableDictionary.m */,
				4469ECBD352C4453BEF35A99 /* sqlite3.c */,
				F862F752410B4770AEF9E617 /* SQLitePlugin.h */,
				D03D355D17C54261B9020AAB /* PSPDFThreadSafeMutableDictionary.h */,
				B0493F12AEBD40AEB4C03640 /* sqlite3.h */,
			);
			name = Plugins;
			path = Mimuqui/Plugins;
			sourceTree = SOURCE_ROOT;
		};
		EB87FDF11871DA420020F90C /* Staging */ = {
			isa = PBXGroup;
			children = (
				F840E1F0165FE0F500CFE078 /* config.xml */,
				301BF56E109A69640062928A /* www */,
			);
			name = Staging;
			sourceTree = "<group>";
		};
/* End PBXGroup section */

/* Begin PBXNativeTarget section */
		1D6058900D05DD3D006BFB54 /* Mimuqui */ = {
			isa = PBXNativeTarget;
			buildConfigurationList = 1D6058960D05DD3E006BFB54 /* Build configuration list for PBXNativeTarget "Mimuqui" */;
			buildPhases = (
				304B58A110DAC018002A0835 /* Copy www directory */,
				1D60588D0D05DD3D006BFB54 /* Resources */,
				1D60588E0D05DD3D006BFB54 /* Sources */,
				1D60588F0D05DD3D006BFB54 /* Frameworks */,
			);
			buildRules = (
			);
			dependencies = (
				301BF551109A68C00062928A /* PBXTargetDependency */,
			);
			name = Mimuqui;
			productName = Mimuqui;
			productReference = 1D6058910D05DD3D006BFB54 /* Mimuqui.app */;
			productType = "com.apple.product-type.application";
		};
/* End PBXNativeTarget section */

/* Begin PBXProject section */
		29B97313FDCFA39411CA2CEA /* Project object */ = {
			isa = PBXProject;
			attributes = {
				LastUpgradeCheck = 510;
				TargetAttributes = {
					1D6058900D05DD3D006BFB54 = {
						DevelopmentTeam = W9R22UE59U;
						ProvisioningStyle = Automatic;
					};
				};
			};
			buildConfigurationList = C01FCF4E08A954540054247B /* Build configuration list for PBXProject "Mimuqui" */;
			compatibilityVersion = "Xcode 3.2";
			developmentRegion = English;
			hasScannedForEncodings = 1;
			knownRegions = (
				English,
				en,
				Base,
			);
			mainGroup = 29B97314FDCFA39411CA2CEA /* CustomTemplate */;
			projectDirPath = "";
			projectReferences = (
				{
					ProductGroup = 301BF52E109A57CC0062928A /* Products */;
					ProjectRef = 301BF52D109A57CC0062928A /* CordovaLib/CordovaLib.xcodeproj */;
				},
			);
			projectRoot = "";
			targets = (
				1D6058900D05DD3D006BFB54 /* Mimuqui */,
			);
		};
/* End PBXProject section */

/* Begin PBXReferenceProxy section */
		301BF535109A57CC0062928A /* libCordova.a */ = {
			isa = PBXReferenceProxy;
			fileType = archive.ar;
			path = libCordova.a;
			remoteRef = 301BF534109A57CC0062928A /* PBXContainerItemProxy */;
			sourceTree = BUILT_PRODUCTS_DIR;
		};
		907D8124214C687600058A10 /* Cordova.framework */ = {
			isa = PBXReferenceProxy;
			fileType = wrapper.framework;
			path = Cordova.framework;
			remoteRef = 907D8123214C687600058A10 /* PBXContainerItemProxy */;
			sourceTree = BUILT_PRODUCTS_DIR;
		};
/* End PBXReferenceProxy section */

/* Begin PBXResourcesBuildPhase section */
		1D60588D0D05DD3D006BFB54 /* Resources */ = {
			isa = PBXResourcesBuildPhase;
			buildActionMask = 2147483647;
			files = (
				302D95F214D2391D003F00A1 /* MainViewController.xib in Resources */,
				0207DA581B56EA530066E2B4 /* Images.xcassets in Resources */,
				6AFF5BF91D6E424B00AB3073 /* CDVLaunchScreen.storyboard in Resources */,
			);
			runOnlyForDeploymentPostprocessing = 0;
		};
/* End PBXResourcesBuildPhase section */

/* Begin PBXShellScriptBuildPhase section */
		304B58A110DAC018002A0835 /* Copy www directory */ = {
			isa = PBXShellScriptBuildPhase;
			buildActionMask = 2147483647;
			files = (
			);
			inputPaths = (
			);
			name = "Copy www directory";
			outputPaths = (
			);
			runOnlyForDeploymentPostprocessing = 0;
			shellPath = /bin/sh;
			shellScript = "\"$SRCROOT/Mimuqui/Scripts/copy-www-build-step.sh\"";
			showEnvVarsInLog = 0;
		};
/* End PBXShellScriptBuildPhase section */

/* Begin PBXSourcesBuildPhase section */
		1D60588E0D05DD3D006BFB54 /* Sources */ = {
			isa = PBXSourcesBuildPhase;
			buildActionMask = 2147483647;
			files = (
				1D60589B0D05DD56006BFB54 /* main.m in Sources */,
				1D3623260D0F684500981E51 /* AppDelegate.m in Sources */,
				302D95F114D2391D003F00A1 /* MainViewController.m in Sources */,
				45D9C7353F8F4549801B395B /* CDVClipboard.m in Sources */,
				13020E53A0974AA49BFEC7FA /* APPBadge.m in Sources */,
				4D506F7B9E0743D7A2809BD5 /* CDVDevice.m in Sources */,
				536E0400174D4D64A611D0BE /* CDVFile.m in Sources */,
				18F6B147B7EA4CF3A3BC1501 /* CDVLocalFilesystem.m in Sources */,
				654F86A5E58349AE8B3A1742 /* CDVAssetLibraryFilesystem.m in Sources */,
				B24177D94B964AC2B2E65BCC /* CDVFileTransfer.m in Sources */,
				55D4B6A4C69443BA96131101 /* CDVSplashScreen.m in Sources */,
				0D181FF2E3C743BFB5A32005 /* CDVViewController+SplashScreen.m in Sources */,
				E1806FBACAF64BA5BE3EF72B /* CDVWKWebViewEngine.m in Sources */,
				EA3884C8987C40D0BE9BEB35 /* CDVWKWebViewUIDelegate.m in Sources */,
				9DEDC89FEAE14E0C94EF5164 /* CDVWKProcessPoolFactory.m in Sources */,
				930A5DA48CDE443AA7D5F2CC /* IONAssetHandler.m in Sources */,
				2A914F0B7819412BAFCB7752 /* IonicCordovaCommon.m in Sources */,
				AA9B5DD37FE94140BD119FC2 /* CDVIonicKeyboard.m in Sources */,
				B0E11DF374D244F38AA27EE2 /* APPLocalNotification.m in Sources */,
				DD1EB411A27F4F5986CC014A /* APPNotificationContent.m in Sources */,
				7A79A1D6103F4765928FD5F9 /* APPNotificationOptions.m in Sources */,
				DE1B9C47DDD94924813EB2B2 /* UNUserNotificationCenter+APPLocalNotification.m in Sources */,
				9C81E09069C44B1E89C3BA28 /* UNNotificationRequest+APPLocalNotification.m in Sources */,
				6FAA307712E74D989DF44249 /* CDVStatusBar.m in Sources */,
				58D6996106694DE4B2E13B11 /* NSString+SSURLEncoding.m in Sources */,
				762B0A6CEF1D474984095EB0 /* SocialSharing.m in Sources */,
				48A6CD24B1C84BD4B30D82CB /* SQLitePlugin.m in Sources */,
				0C93711D008F4818A466D372 /* PSPDFThreadSafeMutableDictionary.m in Sources */,
				897C00307DFF4BC4A8556114 /* sqlite3.c in Sources */,
			);
			runOnlyForDeploymentPostprocessing = 0;
		};
/* End PBXSourcesBuildPhase section */

/* Begin PBXTargetDependency section */
		301BF551109A68C00062928A /* PBXTargetDependency */ = {
			isa = PBXTargetDependency;
			name = CordovaLib;
			targetProxy = 301BF550109A68C00062928A /* PBXContainerItemProxy */;
		};
/* End PBXTargetDependency section */

/* Begin XCBuildConfiguration section */
		1D6058940D05DD3E006BFB54 /* Debug */ = {
			isa = XCBuildConfiguration;
			baseConfigurationReference = 3047A50F1AB8059700498E2A /* build-debug.xcconfig */;
			buildSettings = {
				ALWAYS_EMBED_SWIFT_STANDARD_LIBRARIES = YES;
				ALWAYS_SEARCH_USER_PATHS = NO;
				ASSETCATALOG_COMPILER_APPICON_NAME = AppIcon;
				ASSETCATALOG_COMPILER_LAUNCHIMAGE_NAME = LaunchImage;
				CLANG_ENABLE_MODULES = YES;
				CLANG_ENABLE_OBJC_ARC = YES;
				CODE_SIGN_IDENTITY = "Apple Development";
				CODE_SIGN_STYLE = Automatic;
				COPY_PHASE_STRIP = NO;
				CURRENT_PROJECT_VERSION = 1;
				DEVELOPMENT_TEAM = W9R22UE59U;
				GCC_DYNAMIC_NO_PIC = NO;
				GCC_OPTIMIZATION_LEVEL = 0;
				GCC_PRECOMPILE_PREFIX_HEADER = YES;
				GCC_PREFIX_HEADER = "Mimuqui/Mimuqui-Prefix.pch";
				GCC_THUMB_SUPPORT = NO;
				GCC_VERSION = "";
				INFOPLIST_FILE = "Mimuqui/Mimuqui-Info.plist";
				IPHONEOS_DEPLOYMENT_TARGET = 11.0;
				LD_RUNPATH_SEARCH_PATHS = "@executable_path/Frameworks";
				MARKETING_VERSION = 1.0.0;
				PRODUCT_BUNDLE_IDENTIFIER = com.bravoluismiguel.reloj;
				PRODUCT_NAME = "$(TARGET_NAME)";
				PROVISIONING_PROFILE_SPECIFIER = "";
				SWIFT_OBJC_BRIDGING_HEADER = "$(PROJECT_DIR)/$(PROJECT_NAME)/Bridging-Header.h";
				SWIFT_OPTIMIZATION_LEVEL = "-Onone";
				SWIFT_VERSION = 4.0;
				TARGETED_DEVICE_FAMILY = "1,2";
			};
			name = Debug;
		};
		1D6058950D05DD3E006BFB54 /* Release */ = {
			isa = XCBuildConfiguration;
			baseConfigurationReference = 3047A5101AB8059700498E2A /* build-release.xcconfig */;
			buildSettings = {
				ALWAYS_EMBED_SWIFT_STANDARD_LIBRARIES = YES;
				ALWAYS_SEARCH_USER_PATHS = NO;
				ASSETCATALOG_COMPILER_APPICON_NAME = AppIcon;
				ASSETCATALOG_COMPILER_LAUNCHIMAGE_NAME = LaunchImage;
				CLANG_ENABLE_MODULES = YES;
				CLANG_ENABLE_OBJC_ARC = YES;
				CODE_SIGN_IDENTITY = "Apple Development";
				CODE_SIGN_STYLE = Automatic;
				COPY_PHASE_STRIP = YES;
				CURRENT_PROJECT_VERSION = 1;
				DEVELOPMENT_TEAM = W9R22UE59U;
				GCC_PRECOMPILE_PREFIX_HEADER = YES;
				GCC_PREFIX_HEADER = "Mimuqui/Mimuqui-Prefix.pch";
				GCC_THUMB_SUPPORT = NO;
				GCC_VERSION = "";
				INFOPLIST_FILE = "Mimuqui/Mimuqui-Info.plist";
				IPHONEOS_DEPLOYMENT_TARGET = 11.0;
				LD_RUNPATH_SEARCH_PATHS = "@executable_path/Frameworks";
				MARKETING_VERSION = 1.0.0;
				PRODUCT_BUNDLE_IDENTIFIER = com.bravoluismiguel.reloj;
				PRODUCT_NAME = "$(TARGET_NAME)";
				PROVISIONING_PROFILE_SPECIFIER = "";
				SWIFT_OBJC_BRIDGING_HEADER = "$(PROJECT_DIR)/$(PROJECT_NAME)/Bridging-Header.h";
				SWIFT_VERSION = 4.0;
				TARGETED_DEVICE_FAMILY = "1,2";
			};
			name = Release;
		};
		C01FCF4F08A954540054247B /* Debug */ = {
			isa = XCBuildConfiguration;
			baseConfigurationReference = 3047A5111AB8059700498E2A /* build.xcconfig */;
			buildSettings = {
				ALWAYS_EMBED_SWIFT_STANDARD_LIBRARIES = YES;
				CLANG_ENABLE_MODULES = YES;
				CLANG_ENABLE_OBJC_ARC = YES;
				CLANG_WARN_BLOCK_CAPTURE_AUTORELEASING = YES;
				CLANG_WARN_BOOL_CONVERSION = YES;
				CLANG_WARN_COMMA = YES;
				CLANG_WARN_CONSTANT_CONVERSION = YES;
				CLANG_WARN_DEPRECATED_OBJC_IMPLEMENTATIONS = YES;
				CLANG_WARN_EMPTY_BODY = YES;
				CLANG_WARN_ENUM_CONVERSION = YES;
				CLANG_WARN_INFINITE_RECURSION = YES;
				CLANG_WARN_INT_CONVERSION = YES;
				CLANG_WARN_NON_LITERAL_NULL_CONVERSION = YES;
				CLANG_WARN_OBJC_IMPLICIT_RETAIN_SELF = YES;
				CLANG_WARN_OBJC_LITERAL_CONVERSION = YES;
				CLANG_WARN_RANGE_LOOP_ANALYSIS = YES;
				CLANG_WARN_STRICT_PROTOTYPES = YES;
				CLANG_WARN_SUSPICIOUS_MOVE = YES;
				CLANG_WARN_UNREACHABLE_CODE = YES;
				CLANG_WARN__DUPLICATE_METHOD_MATCH = YES;
				ENABLE_STRICT_OBJC_MSGSEND = YES;
				ENABLE_TESTABILITY = YES;
				GCC_C_LANGUAGE_STANDARD = c99;
				GCC_NO_COMMON_BLOCKS = YES;
				GCC_THUMB_SUPPORT = NO;
				GCC_VERSION = "";
				GCC_WARN_64_TO_32_BIT_CONVERSION = YES;
				GCC_WARN_ABOUT_RETURN_TYPE = YES;
				GCC_WARN_UNDECLARED_SELECTOR = YES;
				GCC_WARN_UNINITIALIZED_AUTOS = YES;
				GCC_WARN_UNUSED_FUNCTION = YES;
				GCC_WARN_UNUSED_VARIABLE = YES;
				IPHONEOS_DEPLOYMENT_TARGET = 11.0;
				ONLY_ACTIVE_ARCH = YES;
				PRODUCT_BUNDLE_IDENTIFIER = com.bravoluismiguel.reloj;
				SDKROOT = iphoneos;
				SKIP_INSTALL = NO;
				SWIFT_OBJC_BRIDGING_HEADER = "$(PROJECT_DIR)/$(PROJECT_NAME)/Bridging-Header.h";
				SWIFT_OPTIMIZATION_LEVEL = "-Onone";
				SWIFT_VERSION = 4.0;
			};
			name = Debug;
		};
		C01FCF5008A954540054247B /* Release */ = {
			isa = XCBuildConfiguration;
			baseConfigurationReference = 3047A5111AB8059700498E2A /* build.xcconfig */;
			buildSettings = {
				ALWAYS_EMBED_SWIFT_STANDARD_LIBRARIES = YES;
				CLANG_ENABLE_MODULES = YES;
				CLANG_ENABLE_OBJC_ARC = YES;
				CLANG_WARN_BLOCK_CAPTURE_AUTORELEASING = YES;
				CLANG_WARN_BOOL_CONVERSION = YES;
				CLANG_WARN_COMMA = YES;
				CLANG_WARN_CONSTANT_CONVERSION = YES;
				CLANG_WARN_DEPRECATED_OBJC_IMPLEMENTATIONS = YES;
				CLANG_WARN_EMPTY_BODY = YES;
				CLANG_WARN_ENUM_CONVERSION = YES;
				CLANG_WARN_INFINITE_RECURSION = YES;
				CLANG_WARN_INT_CONVERSION = YES;
				CLANG_WARN_NON_LITERAL_NULL_CONVERSION = YES;
				CLANG_WARN_OBJC_IMPLICIT_RETAIN_SELF = YES;
				CLANG_WARN_OBJC_LITERAL_CONVERSION = YES;
				CLANG_WARN_RANGE_LOOP_ANALYSIS = YES;
				CLANG_WARN_STRICT_PROTOTYPES = YES;
				CLANG_WARN_SUSPICIOUS_MOVE = YES;
				CLANG_WARN_UNREACHABLE_CODE = YES;
				CLANG_WARN__DUPLICATE_METHOD_MATCH = YES;
				ENABLE_STRICT_OBJC_MSGSEND = YES;
				GCC_C_LANGUAGE_STANDARD = c99;
				GCC_NO_COMMON_BLOCKS = YES;
				GCC_THUMB_SUPPORT = NO;
				GCC_VERSION = "";
				GCC_WARN_64_TO_32_BIT_CONVERSION = YES;
				GCC_WARN_ABOUT_RETURN_TYPE = YES;
				GCC_WARN_UNDECLARED_SELECTOR = YES;
				GCC_WARN_UNINITIALIZED_AUTOS = YES;
				GCC_WARN_UNUSED_FUNCTION = YES;
				GCC_WARN_UNUSED_VARIABLE = YES;
				IPHONEOS_DEPLOYMENT_TARGET = 11.0;
				PRODUCT_BUNDLE_IDENTIFIER = com.bravoluismiguel.reloj;
				SDKROOT = iphoneos;
				SKIP_INSTALL = NO;
				SWIFT_OBJC_BRIDGING_HEADER = "$(PROJECT_DIR)/$(PROJECT_NAME)/Bridging-Header.h";
				SWIFT_VERSION = 4.0;
			};
			name = Release;
		};
/* End XCBuildConfiguration section */

/* Begin XCConfigurationList section */
		1D6058960D05DD3E006BFB54 /* Build configuration list for PBXNativeTarget "Mimuqui" */ = {
			isa = XCConfigurationList;
			buildConfigurations = (
				1D6058940D05DD3E006BFB54 /* Debug */,
				1D6058950D05DD3E006BFB54 /* Release */,
			);
			defaultConfigurationIsVisible = 0;
			defaultConfigurationName = Release;
		};
		C01FCF4E08A954540054247B /* Build configuration list for PBXProject "Mimuqui" */ = {
			isa = XCConfigurationList;
			buildConfigurations = (
				C01FCF4F08A954540054247B /* Debug */,
				C01FCF5008A954540054247B /* Release */,
			);
			defaultConfigurationIsVisible = 0;
			defaultConfigurationName = Release;
		};
/* End XCConfigurationList section */
	};
	rootObject = 29B97313FDCFA39411CA2CEA /* Project object */;
}
